
Microsoft Visual Studio Solution File, Format Version 12.00
# Visual Studio Version 16
VisualStudioVersion = 25.0.1706.0
MinimumVisualStudioVersion = 10.0.40219.1
Project("{FAE04EC0-301F-11D3-BF4B-00C04F79EFBC}") = "ChessBoard", "ChessBoard\ChessBoard.csproj", "{B30BDF1B-2A84-47DA-8BD1-81A8A8ED6015}"
EndProject
Global
	GlobalSection(SolutionConfigurationPlatforms) = preSolution
		Debug|Any CPU = Debug|Any CPU
		Release|Any CPU = Release|Any CPU
	EndGlobalSection
	GlobalSection(ProjectConfigurationPlatforms) = postSolution
		{B30BDF1B-2A84-47DA-8BD1-81A8A8ED6015}.Debug|Any CPU.ActiveCfg = Debug|Any CPU
		{B30BDF1B-2A84-47DA-8BD1-81A8A8ED6015}.Debug|Any CPU.Build.0 = Debug|Any CPU
		{B30BDF1B-2A84-47DA-8BD1-81A8A8ED6015}.Release|Any CPU.ActiveCfg = Release|Any CPU
		{B30BDF1B-2A84-47DA-8BD1-81A8A8ED6015}.Release|Any CPU.Build.0 = Release|Any CPU
	EndGlobalSection
	GlobalSection(SolutionProperties) = preSolution
		HideSolutionNode = FALSE
	EndGlobalSection
	GlobalSection(ExtensibilityGlobals) = postSolution
		SolutionGuid = {3B6A7B75-D251-4548-8B61-0D646B480EFD}
	EndGlobalSection
EndGlobal
